// !$*UTF8*$!
{
	archiveVersion = 1;
	classes = {
	};
	objectVersion = 77;
	objects = {

/* Begin PBXBuildFile section */
		BA68BA9D2FBC18A50020849F /* IssueReportingTestSupport in Frameworks */ = {isa = PBXBuildFile; productRef = BA68BA9C2FBC18A50020849F /* IssueReportingTestSupport */; };
		BA68BA9E2FBC18B20020849F /* IssueReportingTestSupport in Embed Frameworks */ = {isa = PBXBuildFile; productRef = BA68BA9C2FBC18A50020849F /* IssueReportingTestSupport */; settings = {ATTRIBUTES = (CodeSignOnCopy, ); }; };
		BA86A00F2F194C04004BC59C /* ComposableArchitecture in Frameworks */ = {isa = PBXBuildFile; productRef = BA86A00E2F194C04004BC59C /* ComposableArchitecture */; };
		BA86A0682F196151004BC59C /* Localization in Frameworks */ = {isa = PBXBuildFile; productRef = BA86A0672F196151004BC59C /* Localization */; };
/* End PBXBuildFile section */

/* Begin PBXContainerItemProxy section */
		BA68BA8B2FBB5C390020849F /* PBXContainerItemProxy */ = {
			isa = PBXContainerItemProxy;
			containerPortal = BA75DBDC2F194A7600816228 /* Project object */;
			proxyType = 1;
			remoteGlobalIDString = BA75DBE32F194A7600816228;
			remoteInfo = StorePass;
		};
/* End PBXContainerItemProxy section */

/* Begin PBXCopyFilesBuildPhase section */
		BA68BA9F2FBC18B20020849F /* Embed Frameworks */ = {
			isa = PBXCopyFilesBuildPhase;
			buildActionMask = 2147483647;
			dstPath = "";
			dstSubfolderSpec = 10;
			files = (
				BA68BA9E2FBC18B20020849F /* IssueReportingTestSupport in Embed Frameworks */,
			);
			name = "Embed Frameworks";
			runOnlyForDeploymentPostprocessing = 0;
		};
/* End PBXCopyFilesBuildPhase section */

/* Begin PBXFileReference section */
		BA68BA872FBB5C390020849F /* CasavaultTests.xctest */ = {isa = PBXFileReference; explicitFileType = wrapper.cfbundle; includeInIndex = 0; path = CasavaultTests.xctest; sourceTree = BUILT_PRODUCTS_DIR; };
		BA75DBE42F194A7600816228 /* Casavault.app */ = {isa = PBXFileReference; explicitFileType = wrapper.application; includeInIndex = 0; path = Casavault.app; sourceTree = BUILT_PRODUCTS_DIR; };
/* End PBXFileReference section */

/* Begin PBXFileSystemSynchronizedBuildFileExceptionSet section */
		BA75DBF12F194A7800816228 /* Exceptions for "Casavault" folder in "Casavault" target */ = {
			isa = PBXFileSystemSynchronizedBuildFileExceptionSet;
			membershipExceptions = (
				Info.plist,
			);
			target = BA75DBE32F194A7600816228 /* Casavault */;
		};
/* End PBXFileSystemSynchronizedBuildFileExceptionSet section */

/* Begin PBXFileSystemSynchronizedRootGroup section */
		BA68BA882FBB5C390020849F /* CasavaultTests */ = {
			isa = PBXFileSystemSynchronizedRootGroup;
			path = CasavaultTests;
			sourceTree = "<group>";
		};
		BA75DBE62F194A7600816228 /* Casavault */ = {
			isa = PBXFileSystemSynchronizedRootGroup;
			exceptions = (
				BA75DBF12F194A7800816228 /* Exceptions for "Casavault" folder in "Casavault" target */,
			);
			path = Casavault;
			sourceTree = "<group>";
		};
/* End PBXFileSystemSynchronizedRootGroup section */

/* Begin PBXFrameworksBuildPhase section */
		BA68BA842FBB5C390020849F /* Frameworks */ = {
			isa = PBXFrameworksBuildPhase;
			buildActionMask = 2147483647;
			files = (
				BA68BA9D2FBC18A50020849F /* IssueReportingTestSupport in Frameworks */,
			);
			runOnlyForDeploymentPostprocessing = 0;
		};
		BA75DBE12F194A7600816228 /* Frameworks */ = {
			isa = PBXFrameworksBuildPhase;
			buildActionMask = 2147483647;
			files = (
				BA86A00F2F194C04004BC59C /* ComposableArchitecture in Frameworks */,
				BA86A0682F196151004BC59C /* Localization in Frameworks */,
			);
			runOnlyForDeploymentPostprocessing = 0;
		};
/* End PBXFrameworksBuildPhase section */

/* Begin PBXGroup section */
		BA68BA9A2FBC18670020849F /* Frameworks */ = {
			isa = PBXGroup;
			children = (
			);
			name = Frameworks;
			sourceTree = "<group>";
		};
		BA75DBDB2F194A7600816228 = {
			isa = PBXGroup;
			children = (
				BA75DBE62F194A7600816228 /* Casavault */,
				BA68BA882FBB5C390020849F /* CasavaultTests */,
				BA68BA9A2FBC18670020849F /* Frameworks */,
				BA75DBE52F194A7600816228 /* Products */,
			);
			sourceTree = "<group>";
		};
		BA75DBE52F194A7600816228 /* Products */ = {
			isa = PBXGroup;
			children = (
				BA75DBE42F194A7600816228 /* Casavault.app */,
				BA68BA872FBB5C390020849F /* CasavaultTests.xctest */,
			);
			name = Products;
			sourceTree = "<group>";
		};
/* End PBXGroup section */

/* Begin PBXNativeTarget section */
		BA68BA862FBB5C390020849F /* CasavaultTests */ = {
			isa = PBXNativeTarget;
			buildConfigurationList = BA68BA8D2FBB5C390020849F /* Build configuration list for PBXNativeTarget "CasavaultTests" */;
			buildPhases = (
				BA68BA832FBB5C390020849F /* Sources */,
				BA68BA842FBB5C390020849F /* Frameworks */,
				BA68BA852FBB5C390020849F /* Resources */,
				BA68BA9F2FBC18B20020849F /* Embed Frameworks */,
			);
			buildRules = (
			);
			dependencies = (
				BA68BA8C2FBB5C390020849F /* PBXTargetDependency */,
			);
			fileSystemSynchronizedGroups = (
				BA68BA882FBB5C390020849F /* CasavaultTests */,
			);
			name = CasavaultTests;
			packageProductDependencies = (
				BA68BA9C2FBC18A50020849F /* IssueReportingTestSupport */,
			);
			productName = StorePassTests;
			productReference = BA68BA872FBB5C390020849F /* CasavaultTests.xctest */;
			productType = "com.apple.product-type.bundle.unit-test";
		};
		BA75DBE32F194A7600816228 /* Casavault */ = {
			isa = PBXNativeTarget;
			buildConfigurationList = BA75DBF22F194A7800816228 /* Build configuration list for PBXNativeTarget "Casavault" */;
			buildPhases = (
				BA75DBE02F194A7600816228 /* Sources */,
				BA75DBE12F194A7600816228 /* Frameworks */,
				BA75DBE22F194A7600816228 /* Resources */,
			);
			buildRules = (
			);
			dependencies = (
			);
			fileSystemSynchronizedGroups = (
				BA75DBE62F194A7600816228 /* Casavault */,
			);
			name = Casavault;
			packageProductDependencies = (
				BA86A00E2F194C04004BC59C /* ComposableArchitecture */,
				BA86A0672F196151004BC59C /* Localization */,
			);
			productName = StorePass;
			productReference = BA75DBE42F194A7600816228 /* Casavault.app */;
			productType = "com.apple.product-type.application";
		};
/* End PBXNativeTarget section */

/* Begin PBXProject section */
		BA75DBDC2F194A7600816228 /* Project object */ = {
			isa = PBXProject;
			attributes = {
				BuildIndependentTargetsInParallel = 1;
				LastSwiftUpdateCheck = 2650;
				LastUpgradeCheck = 2620;
				TargetAttributes = {
					BA68BA862FBB5C390020849F = {
						CreatedOnToolsVersion = 26.5;
						TestTargetID = BA75DBE32F194A7600816228;
					};
					BA75DBE32F194A7600816228 = {
						CreatedOnToolsVersion = 26.2;
						LastSwiftMigration = 2620;
					};
				};
			};
			buildConfigurationList = BA75DBDF2F194A7600816228 /* Build configuration list for PBXProject "Casavault" */;
			developmentRegion = en;
			hasScannedForEncodings = 0;
			knownRegions = (
				en,
				Base,
				he,
				"zh-Hans",
				ko,
				tr,
				sv,
				es,
				ru,
				"pt-BR",
				pl,
				ja,
				it,
				de,
				fr,
				nl,
			);
			mainGroup = BA75DBDB2F194A7600816228;
			minimizedProjectReferenceProxies = 1;
			packageReferences = (
				BA86A00D2F194C04004BC59C /* XCRemoteSwiftPackageReference "swift-composable-architecture" */,
				BA86A0662F196151004BC59C /* XCRemoteSwiftPackageReference "swift-localization" */,
				BA68BA9B2FBC18A50020849F /* XCRemoteSwiftPackageReference "xctest-dynamic-overlay" */,
			);
			preferredProjectObjectVersion = 77;
			productRefGroup = BA75DBE52F194A7600816228 /* Products */;
			projectDirPath = "";
			projectRoot = "";
			targets = (
				BA75DBE32F194A7600816228 /* Casavault */,
				BA68BA862FBB5C390020849F /* CasavaultTests */,
			);
		};
/* End PBXProject section */

/* Begin PBXResourcesBuildPhase section */
		BA68BA852FBB5C390020849F /* Resources */ = {
			isa = PBXResourcesBuildPhase;
			buildActionMask = 2147483647;
			files = (
			);
			runOnlyForDeploymentPostprocessing = 0;
		};
		BA75DBE22F194A7600816228 /* Resources */ = {
			isa = PBXResourcesBuildPhase;
			buildActionMask = 2147483647;
			files = (
			);
			runOnlyForDeploymentPostprocessing = 0;
		};
/* End PBXResourcesBuildPhase section */

/* Begin PBXSourcesBuildPhase section */
		BA68BA832FBB5C390020849F /* Sources */ = {
			isa = PBXSourcesBuildPhase;
			buildActionMask = 2147483647;
			files = (
			);
			runOnlyForDeploymentPostprocessing = 0;
		};
		BA75DBE02F194A7600816228 /* Sources */ = {
			isa = PBXSourcesBuildPhase;
			buildActionMask = 2147483647;
			files = (
			);
			runOnlyForDeploymentPostprocessing = 0;
		};
/* End PBXSourcesBuildPhase section */

/* Begin PBXTargetDependency section */
		BA68BA8C2FBB5C390020849F /* PBXTargetDependency */ = {
			isa = PBXTargetDependency;
			target = BA75DBE32F194A7600816228 /* Casavault */;
			targetProxy = BA68BA8B2FBB5C390020849F /* PBXContainerItemProxy */;
		};
/* End PBXTargetDependency section */

/* Begin XCBuildConfiguration section */
		BA68BA8E2FBB5C390020849F /* Debug */ = {
			isa = XCBuildConfiguration;
			buildSettings = {
				BUNDLE_LOADER = "$(TEST_HOST)";
				CODE_SIGN_STYLE = Automatic;
				CURRENT_PROJECT_VERSION = 1;
				DEVELOPMENT_TEAM = LMNQ8K7V9N;
				GENERATE_INFOPLIST_FILE = YES;
				IPHONEOS_DEPLOYMENT_TARGET = 26.0;
				MARKETING_VERSION = 1.0;
				PRODUCT_BUNDLE_IDENTIFIER = com.shor.StorePassTests;
				PRODUCT_NAME = "$(TARGET_NAME)";
				STRING_CATALOG_GENERATE_SYMBOLS = NO;
				SWIFT_APPROACHABLE_CONCURRENCY = YES;
				SWIFT_EMIT_LOC_STRINGS = NO;
				SWIFT_UPCOMING_FEATURE_MEMBER_IMPORT_VISIBILITY = YES;
				SWIFT_VERSION = 5.0;
				TARGETED_DEVICE_FAMILY = "1,2";
				TEST_HOST = "$(BUILT_PRODUCTS_DIR)/Casavault.app/$(BUNDLE_EXECUTABLE_FOLDER_PATH)/Casavault";
			};
			name = Debug;
		};
		BA68BA8F2FBB5C390020849F /* Release */ = {
			isa = XCBuildConfiguration;
			buildSettings = {
				BUNDLE_LOADER = "$(TEST_HOST)";
				CODE_SIGN_STYLE = Automatic;
				CURRENT_PROJECT_VERSION = 1;
				DEVELOPMENT_TEAM = LMNQ8K7V9N;
				GENERATE_INFOPLIST_FILE = YES;
				IPHONEOS_DEPLOYMENT_TARGET = 26.0;
				MARKETING_VERSION = 1.0;
				PRODUCT_BUNDLE_IDENTIFIER = com.shor.StorePassTests;
				PRODUCT_NAME = "$(TARGET_NAME)";
				STRING_CATALOG_GENERATE_SYMBOLS = NO;
				SWIFT_APPROACHABLE_CONCURRENCY = YES;
				SWIFT_EMIT_LOC_STRINGS = NO;
				SWIFT_UPCOMING_FEATURE_MEMBER_IMPORT_VISIBILITY = YES;
				SWIFT_VERSION = 5.0;
				TARGETED_DEVICE_FAMILY = "1,2";
				TEST_HOST = "$(BUILT_PRODUCTS_DIR)/Casavault.app/$(BUNDLE_EXECUTABLE_FOLDER_PATH)/Casavault";
			};
			name = Release;
		};
		BA75DBF32F194A7800816228 /* Debug */ = {
			isa = XCBuildConfiguration;
			buildSettings = {
				ASSETCATALOG_COMPILER_APPICON_NAME = AppIcon;
				ASSETCATALOG_COMPILER_GLOBAL_ACCENT_COLOR_NAME = AccentColor;
				CLANG_ENABLE_MODULES = YES;
				CODE_SIGN_ENTITLEMENTS = Casavault/Casavault.entitlements;
				CODE_SIGN_STYLE = Automatic;
				CURRENT_PROJECT_VERSION = 1;
				DEVELOPMENT_TEAM = LMNQ8K7V9N;
				ENABLE_PREVIEWS = YES;
				GENERATE_INFOPLIST_FILE = YES;
				INFOPLIST_FILE = Casavault/Info.plist;
				INFOPLIST_KEY_LSApplicationCategoryType = "public.app-category.utilities";
				INFOPLIST_KEY_NSCameraUsageDescription = "This app needs access to your camera to take photos of passwords and barcodes.";
				INFOPLIST_KEY_NSFaceIDUsageDescription = "Casavault uses Face ID to protect your device setup codes.";
				INFOPLIST_KEY_NSHomeKitUsageDescription = "This app needs access to your HomeKit devices to import them and help you manage their passwords securely.";
				INFOPLIST_KEY_NSPhotoLibraryUsageDescription = "This app needs access to your photo library to attach images to your passwords.";
				INFOPLIST_KEY_UIApplicationSceneManifest_Generation = YES;
				INFOPLIST_KEY_UIApplicationSupportsIndirectInputEvents = YES;
				INFOPLIST_KEY_UILaunchScreen_Generation = YES;
				INFOPLIST_KEY_UISupportedInterfaceOrientations_iPad = "UIInterfaceOrientationPortrait UIInterfaceOrientationPortraitUpsideDown UIInterfaceOrientationLandscapeLeft UIInterfaceOrientationLandscapeRight";
				INFOPLIST_KEY_UISupportedInterfaceOrientations_iPhone = "UIInterfaceOrientationPortrait UIInterfaceOrientationLandscapeLeft UIInterfaceOrientationLandscapeRight";
				IPHONEOS_DEPLOYMENT_TARGET = 26.0;
				LD_RUNPATH_SEARCH_PATHS = (
					"$(inherited)",
					"@executable_path/Frameworks",
				);
				MARKETING_VERSION = 1.0.1;
				PRODUCT_BUNDLE_IDENTIFIER = com.shor.Casavault;
				PRODUCT_NAME = "$(TARGET_NAME)";
				STRING_CATALOG_GENERATE_SYMBOLS = YES;
				SWIFT_APPROACHABLE_CONCURRENCY = YES;
				SWIFT_DEFAULT_ACTOR_ISOLATION = MainActor;
				SWIFT_EMIT_LOC_STRINGS = YES;
				SWIFT_OPTIMIZATION_LEVEL = "-Onone";
				SWIFT_UPCOMING_FEATURE_MEMBER_IMPORT_VISIBILITY = YES;
				SWIFT_VERSION = 5.0;
				TARGETED_DEVICE_FAMILY = "1,2";
			};
			name = Debug;
		};
		BA75DBF42F194A7800816228 /* Release */ = {
			isa = XCBuildConfiguration;
			buildSettings = {
				ASSETCATALOG_COMPILER_APPICON_NAME = AppIcon;
				ASSETCATALOG_COMPILER_GLOBAL_ACCENT_COLOR_NAME = AccentColor;
				CLANG_ENABLE_MODULES = YES;
				CODE_SIGN_ENTITLEMENTS = Casavault/Casavault.entitlements;
				CODE_SIGN_STYLE = Automatic;
				CURRENT_PROJECT_VERSION = 1;
				DEVELOPMENT_TEAM = LMNQ8K7V9N;
				ENABLE_PREVIEWS = YES;
				GENERATE_INFOPLIST_FILE = YES;
				INFOPLIST_FILE = Casavault/Info.plist;
				INFOPLIST_KEY_LSApplicationCategoryType = "public.app-category.utilities";
				INFOPLIST_KEY_NSCameraUsageDescription = "This app needs access to your camera to take photos of passwords and barcodes.";
				INFOPLIST_KEY_NSFaceIDUsageDescription = "Casavault uses Face ID to protect your device setup codes.";
				INFOPLIST_KEY_NSHomeKitUsageDescription = "This app needs access to your HomeKit devices to import them and help you manage their passwords securely.";
				INFOPLIST_KEY_NSPhotoLibraryUsageDescription = "This app needs access to your photo library to attach images to your passwords.";
				INFOPLIST_KEY_UIApplicationSceneManifest_Generation = YES;
				INFOPLIST_KEY_UIApplicationSupportsIndirectInputEvents = YES;
				INFOPLIST_KEY_UILaunchScreen_Generation = YES;
				INFOPLIST_KEY_UISupportedInterfaceOrientations_iPad = "UIInterfaceOrientationPortrait UIInterfaceOrientationPortraitUpsideDown UIInterfaceOrientationLandscapeLeft UIInterfaceOrientationLandscapeRight";
				INFOPLIST_KEY_UISupportedInterfaceOrientations_iPhone = "UIInterfaceOrientationPortrait UIInterfaceOrientationLandscapeLeft UIInterfaceOrientationLandscapeRight";
				IPHONEOS_DEPLOYMENT_TARGET = 26.0;
				LD_RUNPATH_SEARCH_PATHS = (
					"$(inherited)",
					"@executable_path/Frameworks",
				);
				MARKETING_VERSION = 1.0.1;
				PRODUCT_BUNDLE_IDENTIFIER = com.shor.Casavault;
				PRODUCT_NAME = "$(TARGET_NAME)";
				STRING_CATALOG_GENERATE_SYMBOLS = YES;
				SWIFT_APPROACHABLE_CONCURRENCY = YES;
				SWIFT_DEFAULT_ACTOR_ISOLATION = MainActor;
				SWIFT_EMIT_LOC_STRINGS = YES;
				SWIFT_UPCOMING_FEATURE_MEMBER_IMPORT_VISIBILITY = YES;
				SWIFT_VERSION = 5.0;
				TARGETED_DEVICE_FAMILY = "1,2";
			};
			name = Release;
		};
		BA75DBF52F194A7800816228 /* Debug */ = {
			isa = XCBuildConfiguration;
			buildSettings = {
				ALWAYS_SEARCH_USER_PATHS = NO;
				ASSETCATALOG_COMPILER_GENERATE_SWIFT_ASSET_SYMBOL_EXTENSIONS = YES;
				CLANG_ANALYZER_NONNULL = YES;
				CLANG_ANALYZER_NUMBER_OBJECT_CONVERSION = YES_AGGRESSIVE;
				CLANG_CXX_LANGUAGE_STANDARD = "gnu++20";
				CLANG_ENABLE_MODULES = YES;
				CLANG_ENABLE_OBJC_ARC = YES;
				CLANG_ENABLE_OBJC_WEAK = YES;
				CLANG_WARN_BLOCK_CAPTURE_AUTORELEASING = YES;
				CLANG_WARN_BOOL_CONVERSION = YES;
				CLANG_WARN_COMMA = YES;
				CLANG_WARN_CONSTANT_CONVERSION = YES;
				CLANG_WARN_DEPRECATED_OBJC_IMPLEMENTATIONS = YES;
				CLANG_WARN_DIRECT_OBJC_ISA_USAGE = YES_ERROR;
				CLANG_WARN_DOCUMENTATION_COMMENTS = YES;
				CLANG_WARN_EMPTY_BODY = YES;
				CLANG_WARN_ENUM_CONVERSION = YES;
				CLANG_WARN_INFINITE_RECURSION = YES;
				CLANG_WARN_INT_CONVERSION = YES;
				CLANG_WARN_NON_LITERAL_NULL_CONVERSION = YES;
				CLANG_WARN_OBJC_IMPLICIT_RETAIN_SELF = YES;
				CLANG_WARN_OBJC_LITERAL_CONVERSION = YES;
				CLANG_WARN_OBJC_ROOT_CLASS = YES_ERROR;
				CLANG_WARN_QUOTED_INCLUDE_IN_FRAMEWORK_HEADER = YES;
				CLANG_WARN_RANGE_LOOP_ANALYSIS = YES;
				CLANG_WARN_STRICT_PROTOTYPES = YES;
				CLANG_WARN_SUSPICIOUS_MOVE = YES;
				CLANG_WARN_UNGUARDED_AVAILABILITY = YES_AGGRESSIVE;
				CLANG_WARN_UNREACHABLE_CODE = YES;
				CLANG_WARN__DUPLICATE_METHOD_MATCH = YES;
				COPY_PHASE_STRIP = NO;
				DEBUG_INFORMATION_FORMAT = dwarf;
				DEVELOPMENT_TEAM = LMNQ8K7V9N;
				ENABLE_STRICT_OBJC_MSGSEND = YES;
				ENABLE_TESTABILITY = YES;
				ENABLE_USER_SCRIPT_SANDBOXING = YES;
				GCC_C_LANGUAGE_STANDARD = gnu17;
				GCC_DYNAMIC_NO_PIC = NO;
				GCC_NO_COMMON_BLOCKS = YES;
				GCC_OPTIMIZATION_LEVEL = 0;
				GCC_PREPROCESSOR_DEFINITIONS = (
					"DEBUG=1",
					"$(inherited)",
				);
				GCC_WARN_64_TO_32_BIT_CONVERSION = YES;
				GCC_WARN_ABOUT_RETURN_TYPE = YES_ERROR;
				GCC_WARN_UNDECLARED_SELECTOR = YES;
				GCC_WARN_UNINITIALIZED_AUTOS = YES_AGGRESSIVE;
				GCC_WARN_UNUSED_FUNCTION = YES;
				GCC_WARN_UNUSED_VARIABLE = YES;
				IPHONEOS_DEPLOYMENT_TARGET = 26.0;
				LOCALIZATION_PREFERS_STRING_CATALOGS = YES;
				MTL_ENABLE_DEBUG_INFO = INCLUDE_SOURCE;
				MTL_FAST_MATH = YES;
				ONLY_ACTIVE_ARCH = YES;
				SDKROOT = iphoneos;
				SWIFT_ACTIVE_COMPILATION_CONDITIONS = "DEBUG $(inherited)";
				SWIFT_EMIT_LOC_STRINGS = YES;
				SWIFT_OPTIMIZATION_LEVEL = "-Onone";
			};
			name = Debug;
		};
		BA75DBF62F194A7800816228 /* Release */ = {
			isa = XCBuildConfiguration;
			buildSettings = {
				ALWAYS_SEARCH_USER_PATHS = NO;
				ASSETCATALOG_COMPILER_GENERATE_SWIFT_ASSET_SYMBOL_EXTENSIONS = YES;
				CLANG_ANALYZER_NONNULL = YES;
				CLANG_ANALYZER_NUMBER_OBJECT_CONVERSION = YES_AGGRESSIVE;
				CLANG_CXX_LANGUAGE_STANDARD = "gnu++20";
				CLANG_ENABLE_MODULES = YES;
				CLANG_ENABLE_OBJC_ARC = YES;
				CLANG_ENABLE_OBJC_WEAK = YES;
				CLANG_WARN_BLOCK_CAPTURE_AUTORELEASING = YES;
				CLANG_WARN_BOOL_CONVERSION = YES;
				CLANG_WARN_COMMA = YES;
				CLANG_WARN_CONSTANT_CONVERSION = YES;
				CLANG_WARN_DEPRECATED_OBJC_IMPLEMENTATIONS = YES;
				CLANG_WARN_DIRECT_OBJC_ISA_USAGE = YES_ERROR;
				CLANG_WARN_DOCUMENTATION_COMMENTS = YES;
				CLANG_WARN_EMPTY_BODY = YES;
				CLANG_WARN_ENUM_CONVERSION = YES;
				CLANG_WARN_INFINITE_RECURSION = YES;
				CLANG_WARN_INT_CONVERSION = YES;
				CLANG_WARN_NON_LITERAL_NULL_CONVERSION = YES;
				CLANG_WARN_OBJC_IMPLICIT_RETAIN_SELF = YES;
				CLANG_WARN_OBJC_LITERAL_CONVERSION = YES;
				CLANG_WARN_OBJC_ROOT_CLASS = YES_ERROR;
				CLANG_WARN_QUOTED_INCLUDE_IN_FRAMEWORK_HEADER = YES;
				CLANG_WARN_RANGE_LOOP_ANALYSIS = YES;
				CLANG_WARN_STRICT_PROTOTYPES = YES;
				CLANG_WARN_SUSPICIOUS_MOVE = YES;
				CLANG_WARN_UNGUARDED_AVAILABILITY = YES_AGGRESSIVE;
				CLANG_WARN_UNREACHABLE_CODE = YES;
				CLANG_WARN__DUPLICATE_METHOD_MATCH = YES;
				COPY_PHASE_STRIP = NO;
				DEBUG_INFORMATION_FORMAT = "dwarf-with-dsym";
				DEVELOPMENT_TEAM = LMNQ8K7V9N;
				ENABLE_NS_ASSERTIONS = NO;
				ENABLE_STRICT_OBJC_MSGSEND = YES;
				ENABLE_USER_SCRIPT_SANDBOXING = YES;
				GCC_C_LANGUAGE_STANDARD = gnu17;
				GCC_NO_COMMON_BLOCKS = YES;
				GCC_WARN_64_TO_32_BIT_CONVERSION = YES;
				GCC_WARN_ABOUT_RETURN_TYPE = YES_ERROR;
				GCC_WARN_UNDECLARED_SELECTOR = YES;
				GCC_WARN_UNINITIALIZED_AUTOS = YES_AGGRESSIVE;
				GCC_WARN_UNUSED_FUNCTION = YES;
				GCC_WARN_UNUSED_VARIABLE = YES;
				IPHONEOS_DEPLOYMENT_TARGET = 26.0;
				LOCALIZATION_PREFERS_STRING_CATALOGS = YES;
				MTL_ENABLE_DEBUG_INFO = NO;
				MTL_FAST_MATH = YES;
				SDKROOT = iphoneos;
				SWIFT_COMPILATION_MODE = wholemodule;
				SWIFT_EMIT_LOC_STRINGS = YES;
				VALIDATE_PRODUCT = YES;
			};
			name = Release;
		};
/* End XCBuildConfiguration section */

/* Begin XCConfigurationList section */
		BA68BA8D2FBB5C390020849F /* Build configuration list for PBXNativeTarget "CasavaultTests" */ = {
			isa = XCConfigurationList;
			buildConfigurations = (
				BA68BA8E2FBB5C390020849F /* Debug */,
				BA68BA8F2FBB5C390020849F /* Release */,
			);
			defaultConfigurationIsVisible = 0;
			defaultConfigurationName = Release;
		};
		BA75DBDF2F194A7600816228 /* Build configuration list for PBXProject "Casavault" */ = {
			isa = XCConfigurationList;
			buildConfigurations = (
				BA75DBF52F194A7800816228 /* Debug */,
				BA75DBF62F194A7800816228 /* Release */,
			);
			defaultConfigurationIsVisible = 0;
			defaultConfigurationName = Release;
		};
		BA75DBF22F194A7800816228 /* Build configuration list for PBXNativeTarget "Casavault" */ = {
			isa = XCConfigurationList;
			buildConfigurations = (
				BA75DBF32F194A7800816228 /* Debug */,
				BA75DBF42F194A7800816228 /* Release */,
			);
			defaultConfigurationIsVisible = 0;
			defaultConfigurationName = Release;
		};
/* End XCConfigurationList section */

/* Begin XCRemoteSwiftPackageReference section */
		BA68BA9B2FBC18A50020849F /* XCRemoteSwiftPackageReference "xctest-dynamic-overlay" */ = {
			isa = XCRemoteSwiftPackageReference;
			repositoryURL = "https://github.com/pointfreeco/xctest-dynamic-overlay";
			requirement = {
				kind = upToNextMajorVersion;
				minimumVersion = 1.9.0;
			};
		};
		BA86A00D2F194C04004BC59C /* XCRemoteSwiftPackageReference "swift-composable-architecture" */ = {
			isa = XCRemoteSwiftPackageReference;
			repositoryURL = "https://github.com/pointfreeco/swift-composable-architecture";
			requirement = {
				kind = upToNextMajorVersion;
				minimumVersion = 1.23.2;
			};
			traits = (
			);
		};
		BA86A0662F196151004BC59C /* XCRemoteSwiftPackageReference "swift-localization" */ = {
			isa = XCRemoteSwiftPackageReference;
			repositoryURL = "https://github.com/TelemTobi/swift-localization.git";
			requirement = {
				kind = upToNextMajorVersion;
				minimumVersion = 1.0.2;
			};
		};
/* End XCRemoteSwiftPackageReference section */

/* Begin XCSwiftPackageProductDependency section */
		BA68BA9C2FBC18A50020849F /* IssueReportingTestSupport */ = {
			isa = XCSwiftPackageProductDependency;
			package = BA68BA9B2FBC18A50020849F /* XCRemoteSwiftPackageReference "xctest-dynamic-overlay" */;
			productName = IssueReportingTestSupport;
		};
		BA86A00E2F194C04004BC59C /* ComposableArchitecture */ = {
			isa = XCSwiftPackageProductDependency;
			package = BA86A00D2F194C04004BC59C /* XCRemoteSwiftPackageReference "swift-composable-architecture" */;
			productName = ComposableArchitecture;
		};
		BA86A0672F196151004BC59C /* Localization */ = {
			isa = XCSwiftPackageProductDependency;
			package = BA86A0662F196151004BC59C /* XCRemoteSwiftPackageReference "swift-localization" */;
			productName = Localization;
		};
/* End XCSwiftPackageProductDependency section */
	};
	rootObject = BA75DBDC2F194A7600816228 /* Project object */;
}
